
Microsoft Visual Studio Solution File, Format Version 10.00
# Visual Studio 2008
Project("{E24C65DC-7377-472B-9ABA-BC803B73C61A}") = "src", "src\", "{93632D6A-EFA2-468C-82F2-713E0BD78C39}"
	ProjectSection(WebsiteProperties) = preProject
		TargetFramework = "3.5"
		Debug.AspNetCompiler.VirtualPath = "/src"
		Debug.AspNetCompiler.PhysicalPath = "src\"
		Debug.AspNetCompiler.TargetPath = "PrecompiledWeb\src\"
		Debug.AspNetCompiler.Updateable = "true"
		Debug.AspNetCompiler.ForceOverwrite = "true"
		Debug.AspNetCompiler.FixedNames = "false"
		Debug.AspNetCompiler.Debug = "True"
		Release.AspNetCompiler.VirtualPath = "/src"
		Release.AspNetCompiler.PhysicalPath = "src\"
		Release.AspNetCompiler.TargetPath = "PrecompiledWeb\src\"
		Release.AspNetCompiler.Updateable = "true"
		Release.AspNetCompiler.ForceOverwrite = "true"
		Release.AspNetCompiler.FixedNames = "false"
		Release.AspNetCompiler.Debug = "False"
		VWDPort = "54144"
	EndProjectSection
EndProject
Global
	GlobalSection(SolutionConfigurationPlatforms) = preSolution
		Debug|.NET = Debug|.NET
	EndGlobalSection
	GlobalSection(ProjectConfigurationPlatforms) = postSolution
		{93632D6A-EFA2-468C-82F2-713E0BD78C39}.Debug|.NET.ActiveCfg = Debug|.NET
		{93632D6A-EFA2-468C-82F2-713E0BD78C39}.Debug|.NET.Build.0 = Debug|.NET
	EndGlobalSection
	GlobalSection(SolutionProperties) = preSolution
		HideSolutionNode = FALSE
	EndGlobalSection
EndGlobal
